
Microsoft Visual Studio Solution File, Format Version 12.00
# Visual Studio 15
VisualStudioVersion = 15.0.28307.1062
MinimumVisualStudioVersion = 10.0.40219.1
Project("{FAE04EC0-301F-11D3-BF4B-00C04F79EFBC}") = "WeltenretterDemo", "WeltenretterDemo\WeltenretterDemo.csproj", "{17B1578E-FAF3-4C1F-8F60-B60829FA3BFC}"
EndProject
Global
	GlobalSection(SolutionConfigurationPlatforms) = preSolution
		Debug|Any CPU = Debug|Any CPU
		Release|Any CPU = Release|Any CPU
	EndGlobalSection
	GlobalSection(ProjectConfigurationPlatforms) = postSolution
		{17B1578E-FAF3-4C1F-8F60-B60829FA3BFC}.Debug|Any CPU.ActiveCfg = Debug|Any CPU
		{17B1578E-FAF3-4C1F-8F60-B60829FA3BFC}.Debug|Any CPU.Build.0 = Debug|Any CPU
		{17B1578E-FAF3-4C1F-8F60-B60829FA3BFC}.Release|Any CPU.ActiveCfg = Release|Any CPU
		{17B1578E-FAF3-4C1F-8F60-B60829FA3BFC}.Release|Any CPU.Build.0 = Release|Any CPU
	EndGlobalSection
	GlobalSection(SolutionProperties) = preSolution
		HideSolutionNode = FALSE
	EndGlobalSection
	GlobalSection(ExtensibilityGlobals) = postSolution
		SolutionGuid = {99F670EA-6CF6-48A2-A73B-2717D357B342}
	EndGlobalSection
EndGlobal
